// !$*UTF8*$!
{
	archiveVersion = 1;
	classes = {
	};
	objectVersion = 50;
	objects = {

/* Begin PBXBuildFile section */
		4F3BFF4D216E21FC004C8818 /* AppDelegate.swift in Sources */ = {isa = PBXBuildFile; fileRef = 4F3BFF4C216E21FC004C8818 /* AppDelegate.swift */; };
		4F3BFF4F216E21FC004C8818 /* GameScene.sks in Resources */ = {isa = PBXBuildFile; fileRef = 4F3BFF4E216E21FC004C8818 /* GameScene.sks */; };
		4F3BFF51216E21FC004C8818 /* Actions.sks in Resources */ = {isa = PBXBuildFile; fileRef = 4F3BFF50216E21FC004C8818 /* Actions.sks */; };
		4F3BFF53216E21FC004C8818 /* GameScene.swift in Sources */ = {isa = PBXBuildFile; fileRef = 4F3BFF52216E21FC004C8818 /* GameScene.swift */; };
		4F3BFF55216E21FC004C8818 /* GameViewController.swift in Sources */ = {isa = PBXBuildFile; fileRef = 4F3BFF54216E21FC004C8818 /* GameViewController.swift */; };
		4F3BFF58216E21FC004C8818 /* Main.storyboard in Resources */ = {isa = PBXBuildFile; fileRef = 4F3BFF56216E21FC004C8818 /* Main.storyboard */; };
		4F3BFF5A216E21FD004C8818 /* Assets.xcassets in Resources */ = {isa = PBXBuildFile; fileRef = 4F3BFF59216E21FD004C8818 /* Assets.xcassets */; };
		4F3BFF5D216E21FD004C8818 /* LaunchScreen.storyboard in Resources */ = {isa = PBXBuildFile; fileRef = 4F3BFF5B216E21FD004C8818 /* LaunchScreen.storyboard */; };
		4F3BFF72216E2442004C8818 /* finish@2x.png in Resources */ = {isa = PBXBuildFile; fileRef = 4F3BFF65216E2442004C8818 /* finish@2x.png */; };
		4F3BFF73216E2442004C8818 /* level1.txt in Resources */ = {isa = PBXBuildFile; fileRef = 4F3BFF66216E2442004C8818 /* level1.txt */; };
		4F3BFF74216E2442004C8818 /* star@2x.png in Resources */ = {isa = PBXBuildFile; fileRef = 4F3BFF67216E2442004C8818 /* star@2x.png */; };
		4F3BFF75216E2442004C8818 /* player@2x.png in Resources */ = {isa = PBXBuildFile; fileRef = 4F3BFF68216E2442004C8818 /* player@2x.png */; };
		4F3BFF76216E2442004C8818 /* background.jpg in Resources */ = {isa = PBXBuildFile; fileRef = 4F3BFF69216E2442004C8818 /* background.jpg */; };
		4F3BFF77216E2442004C8818 /* vortex.png in Resources */ = {isa = PBXBuildFile; fileRef = 4F3BFF6A216E2442004C8818 /* vortex.png */; };
		4F3BFF78216E2442004C8818 /* block.png in Resources */ = {isa = PBXBuildFile; fileRef = 4F3BFF6B216E2442004C8818 /* block.png */; };
		4F3BFF79216E2442004C8818 /* block@2x.png in Resources */ = {isa = PBXBuildFile; fileRef = 4F3BFF6C216E2442004C8818 /* block@2x.png */; };
		4F3BFF7A216E2442004C8818 /* finish.png in Resources */ = {isa = PBXBuildFile; fileRef = 4F3BFF6D216E2442004C8818 /* finish.png */; };
		4F3BFF7B216E2442004C8818 /* vortex@2x.png in Resources */ = {isa = PBXBuildFile; fileRef = 4F3BFF6E216E2442004C8818 /* vortex@2x.png */; };
		4F3BFF7C216E2442004C8818 /* star.png in Resources */ = {isa = PBXBuildFile; fileRef = 4F3BFF6F216E2442004C8818 /* star.png */; };
		4F3BFF7D216E2442004C8818 /* background@2x.jpg in Resources */ = {isa = PBXBuildFile; fileRef = 4F3BFF70216E2442004C8818 /* background@2x.jpg */; };
		4F3BFF7E216E2442004C8818 /* player.png in Resources */ = {isa = PBXBuildFile; fileRef = 4F3BFF71216E2442004C8818 /* player.png */; };
/* End PBXBuildFile section */

/* Begin PBXFileReference section */
		4F3BFF49216E21FC004C8818 /* Project-26-Marble-Maze.app */ = {isa = PBXFileReference; explicitFileType = wrapper.application; includeInIndex = 0; path = "Project-26-Marble-Maze.app"; sourceTree = BUILT_PRODUCTS_DIR; };
		4F3BFF4C216E21FC004C8818 /* AppDelegate.swift */ = {isa = PBXFileReference; lastKnownFileType = sourcecode.swift; path = AppDelegate.swift; sourceTree = "<group>"; };
		4F3BFF4E216E21FC004C8818 /* GameScene.sks */ = {isa = PBXFileReference; lastKnownFileType = file.sks; path = GameScene.sks; sourceTree = "<group>"; };
		4F3BFF50216E21FC004C8818 /* Actions.sks */ = {isa = PBXFileReference; lastKnownFileType = file.sks; path = Actions.sks; sourceTree = "<group>"; };
		4F3BFF52216E21FC004C8818 /* GameScene.swift */ = {isa = PBXFileReference; lastKnownFileType = sourcecode.swift; path = GameScene.swift; sourceTree = "<group>"; };
		4F3BFF54216E21FC004C8818 /* GameViewController.swift */ = {isa = PBXFileReference; lastKnownFileType = sourcecode.swift; path = GameViewController.swift; sourceTree = "<group>"; };
		4F3BFF57216E21FC004C8818 /* Base */ = {isa = PBXFileReference; lastKnownFileType = file.storyboard; name = Base; path = Base.lproj/Main.storyboard; sourceTree = "<group>"; };
		4F3BFF59216E21FD004C8818 /* Assets.xcassets */ = {isa = PBXFileReference; lastKnownFileType = folder.assetcatalog; path = Assets.xcassets; sourceTree = "<group>"; };
		4F3BFF5C216E21FD004C8818 /* Base */ = {isa = PBXFileReference; lastKnownFileType = file.storyboard; name = Base; path = Base.lproj/LaunchScreen.storyboard; sourceTree = "<group>"; };
		4F3BFF5E216E21FD004C8818 /* Info.plist */ = {isa = PBXFileReference; lastKnownFileType = text.plist.xml; path = Info.plist; sourceTree = "<group>"; };
		4F3BFF65216E2442004C8818 /* finish@2x.png */ = {isa = PBXFileReference; lastKnownFileType = image.png; path = "finish@2x.png"; sourceTree = "<group>"; };
		4F3BFF66216E2442004C8818 /* level1.txt */ = {isa = PBXFileReference; fileEncoding = 4; lastKnownFileType = text; path = level1.txt; sourceTree = "<group>"; };
		4F3BFF67216E2442004C8818 /* star@2x.png */ = {isa = PBXFileReference; lastKnownFileType = image.png; path = "star@2x.png"; sourceTree = "<group>"; };
		4F3BFF68216E2442004C8818 /* player@2x.png */ = {isa = PBXFileReference; lastKnownFileType = image.png; path = "player@2x.png"; sourceTree = "<group>"; };
		4F3BFF69216E2442004C8818 /* background.jpg */ = {isa = PBXFileReference; lastKnownFileType = image.jpeg; path = background.jpg; sourceTree = "<group>"; };
		4F3BFF6A216E2442004C8818 /* vortex.png */ = {isa = PBXFileReference; lastKnownFileType = image.png; path = vortex.png; sourceTree = "<group>"; };
		4F3BFF6B216E2442004C8818 /* block.png */ = {isa = PBXFileReference; lastKnownFileType = image.png; path = block.png; sourceTree = "<group>"; };
		4F3BFF6C216E2442004C8818 /* block@2x.png */ = {isa = PBXFileReference; lastKnownFileType = image.png; path = "block@2x.png"; sourceTree = "<group>"; };
		4F3BFF6D216E2442004C8818 /* finish.png */ = {isa = PBXFileReference; lastKnownFileType = image.png; path = finish.png; sourceTree = "<group>"; };
		4F3BFF6E216E2442004C8818 /* vortex@2x.png */ = {isa = PBXFileReference; lastKnownFileType = image.png; path = "vortex@2x.png"; sourceTree = "<group>"; };
		4F3BFF6F216E2442004C8818 /* star.png */ = {isa = PBXFileReference; lastKnownFileType = image.png; path = star.png; sourceTree = "<group>"; };
		4F3BFF70216E2442004C8818 /* background@2x.jpg */ = {isa = PBXFileReference; lastKnownFileType = image.jpeg; path = "background@2x.jpg"; sourceTree = "<group>"; };
		4F3BFF71216E2442004C8818 /* player.png */ = {isa = PBXFileReference; lastKnownFileType = image.png; path = player.png; sourceTree = "<group>"; };
/* End PBXFileReference section */

/* Begin PBXFrameworksBuildPhase section */
		4F3BFF46216E21FC004C8818 /* Frameworks */ = {
			isa = PBXFrameworksBuildPhase;
			buildActionMask = 2147483647;
			files = (
			);
			runOnlyForDeploymentPostprocessing = 0;
		};
/* End PBXFrameworksBuildPhase section */

/* Begin PBXGroup section */
		4F3BFF40216E21FC004C8818 = {
			isa = PBXGroup;
			children = (
				4F3BFF4B216E21FC004C8818 /* Project-26-Marble-Maze */,
				4F3BFF4A216E21FC004C8818 /* Products */,
			);
			sourceTree = "<group>";
		};
		4F3BFF4A216E21FC004C8818 /* Products */ = {
			isa = PBXGroup;
			children = (
				4F3BFF49216E21FC004C8818 /* Project-26-Marble-Maze.app */,
			);
			name = Products;
			sourceTree = "<group>";
		};
		4F3BFF4B216E21FC004C8818 /* Project-26-Marble-Maze */ = {
			isa = PBXGroup;
			children = (
				4F3BFF64216E2442004C8818 /* Content */,
				4F3BFF4C216E21FC004C8818 /* AppDelegate.swift */,
				4F3BFF4E216E21FC004C8818 /* GameScene.sks */,
				4F3BFF50216E21FC004C8818 /* Actions.sks */,
				4F3BFF52216E21FC004C8818 /* GameScene.swift */,
				4F3BFF54216E21FC004C8818 /* GameViewController.swift */,
				4F3BFF56216E21FC004C8818 /* Main.storyboard */,
				4F3BFF59216E21FD004C8818 /* Assets.xcassets */,
				4F3BFF5B216E21FD004C8818 /* LaunchScreen.storyboard */,
				4F3BFF5E216E21FD004C8818 /* Info.plist */,
			);
			path = "Project-26-Marble-Maze";
			sourceTree = "<group>";
		};
		4F3BFF64216E2442004C8818 /* Content */ = {
			isa = PBXGroup;
			children = (
				4F3BFF65216E2442004C8818 /* finish@2x.png */,
				4F3BFF66216E2442004C8818 /* level1.txt */,
				4F3BFF67216E2442004C8818 /* star@2x.png */,
				4F3BFF68216E2442004C8818 /* player@2x.png */,
				4F3BFF69216E2442004C8818 /* background.jpg */,
				4F3BFF6A216E2442004C8818 /* vortex.png */,
				4F3BFF6B216E2442004C8818 /* block.png */,
				4F3BFF6C216E2442004C8818 /* block@2x.png */,
				4F3BFF6D216E2442004C8818 /* finish.png */,
				4F3BFF6E216E2442004C8818 /* vortex@2x.png */,
				4F3BFF6F216E2442004C8818 /* star.png */,
				4F3BFF70216E2442004C8818 /* background@2x.jpg */,
				4F3BFF71216E2442004C8818 /* player.png */,
			);
			path = Content;
			sourceTree = "<group>";
		};
/* End PBXGroup section */

/* Begin PBXNativeTarget section */
		4F3BFF48216E21FC004C8818 /* Project-26-Marble-Maze */ = {
			isa = PBXNativeTarget;
			buildConfigurationList = 4F3BFF61216E21FD004C8818 /* Build configuration list for PBXNativeTarget "Project-26-Marble-Maze" */;
			buildPhases = (
				4F3BFF45216E21FC004C8818 /* Sources */,
				4F3BFF46216E21FC004C8818 /* Frameworks */,
				4F3BFF47216E21FC004C8818 /* Resources */,
			);
			buildRules = (
			);
			dependencies = (
			);
			name = "Project-26-Marble-Maze";
			productName = "Project-26-Marble-Maze";
			productReference = 4F3BFF49216E21FC004C8818 /* Project-26-Marble-Maze.app */;
			productType = "com.apple.product-type.application";
		};
/* End PBXNativeTarget section */

/* Begin PBXProject section */
		4F3BFF41216E21FC004C8818 /* Project object */ = {
			isa = PBXProject;
			attributes = {
				LastSwiftUpdateCheck = 1000;
				LastUpgradeCheck = 1000;
				ORGANIZATIONNAME = "A&D Progress";
				TargetAttributes = {
					4F3BFF48216E21FC004C8818 = {
						CreatedOnToolsVersion = 10.0;
					};
				};
			};
			buildConfigurationList = 4F3BFF44216E21FC004C8818 /* Build configuration list for PBXProject "Project-26-Marble-Maze" */;
			compatibilityVersion = "Xcode 9.3";
			developmentRegion = en;
			hasScannedForEncodings = 0;
			knownRegions = (
				en,
				Base,
			);
			mainGroup = 4F3BFF40216E21FC004C8818;
			productRefGroup = 4F3BFF4A216E21FC004C8818 /* Products */;
			projectDirPath = "";
			projectRoot = "";
			targets = (
				4F3BFF48216E21FC004C8818 /* Project-26-Marble-Maze */,
			);
		};
/* End PBXProject section */

/* Begin PBXResourcesBuildPhase section */
		4F3BFF47216E21FC004C8818 /* Resources */ = {
			isa = PBXResourcesBuildPhase;
			buildActionMask = 2147483647;
			files = (
				4F3BFF58216E21FC004C8818 /* Main.storyboard in Resources */,
				4F3BFF76216E2442004C8818 /* background.jpg in Resources */,
				4F3BFF7E216E2442004C8818 /* player.png in Resources */,
				4F3BFF4F216E21FC004C8818 /* GameScene.sks in Resources */,
				4F3BFF7D216E2442004C8818 /* background@2x.jpg in Resources */,
				4F3BFF74216E2442004C8818 /* star@2x.png in Resources */,
				4F3BFF73216E2442004C8818 /* level1.txt in Resources */,
				4F3BFF7C216E2442004C8818 /* star.png in Resources */,
				4F3BFF5A216E21FD004C8818 /* Assets.xcassets in Resources */,
				4F3BFF77216E2442004C8818 /* vortex.png in Resources */,
				4F3BFF72216E2442004C8818 /* finish@2x.png in Resources */,
				4F3BFF7A216E2442004C8818 /* finish.png in Resources */,
				4F3BFF79216E2442004C8818 /* block@2x.png in Resources */,
				4F3BFF5D216E21FD004C8818 /* LaunchScreen.storyboard in Resources */,
				4F3BFF75216E2442004C8818 /* player@2x.png in Resources */,
				4F3BFF51216E21FC004C8818 /* Actions.sks in Resources */,
				4F3BFF78216E2442004C8818 /* block.png in Resources */,
				4F3BFF7B216E2442004C8818 /* vortex@2x.png in Resources */,
			);
			runOnlyForDeploymentPostprocessing = 0;
		};
/* End PBXResourcesBuildPhase section */

/* Begin PBXSourcesBuildPhase section */
		4F3BFF45216E21FC004C8818 /* Sources */ = {
			isa = PBXSourcesBuildPhase;
			buildActionMask = 2147483647;
			files = (
				4F3BFF53216E21FC004C8818 /* GameScene.swift in Sources */,
				4F3BFF55216E21FC004C8818 /* GameViewController.swift in Sources */,
				4F3BFF4D216E21FC004C8818 /* AppDelegate.swift in Sources */,
			);
			runOnlyForDeploymentPostprocessing = 0;
		};
/* End PBXSourcesBuildPhase section */

/* Begin PBXVariantGroup section */
		4F3BFF56216E21FC004C8818 /* Main.storyboard */ = {
			isa = PBXVariantGroup;
			children = (
				4F3BFF57216E21FC004C8818 /* Base */,
			);
			name = Main.storyboard;
			sourceTree = "<group>";
		};
		4F3BFF5B216E21FD004C8818 /* LaunchScreen.storyboard */ = {
			isa = PBXVariantGroup;
			children = (
				4F3BFF5C216E21FD004C8818 /* Base */,
			);
			name = LaunchScreen.storyboard;
			sourceTree = "<group>";
		};
/* End PBXVariantGroup section */

/* Begin XCBuildConfiguration section */
		4F3BFF5F216E21FD004C8818 /* Debug */ = {
			isa = XCBuildConfiguration;
			buildSettings = {
				ALWAYS_SEARCH_USER_PATHS = NO;
				CLANG_ANALYZER_NONNULL = YES;
				CLANG_ANALYZER_NUMBER_OBJECT_CONVERSION = YES_AGGRESSIVE;
				CLANG_CXX_LANGUAGE_STANDARD = "gnu++14";
				CLANG_CXX_LIBRARY = "libc++";
				CLANG_ENABLE_MODULES = YES;
				CLANG_ENABLE_OBJC_ARC = YES;
				CLANG_ENABLE_OBJC_WEAK = YES;
				CLANG_WARN_BLOCK_CAPTURE_AUTORELEASING = YES;
				CLANG_WARN_BOOL_CONVERSION = YES;
				CLANG_WARN_COMMA = YES;
				CLANG_WARN_CONSTANT_CONVERSION = YES;
				CLANG_WARN_DEPRECATED_OBJC_IMPLEMENTATIONS = YES;
				CLANG_WARN_DIRECT_OBJC_ISA_USAGE = YES_ERROR;
				CLANG_WARN_DOCUMENTATION_COMMENTS = YES;
				CLANG_WARN_EMPTY_BODY = YES;
				CLANG_WARN_ENUM_CONVERSION = YES;
				CLANG_WARN_INFINITE_RECURSION = YES;
				CLANG_WARN_INT_CONVERSION = YES;
				CLANG_WARN_NON_LITERAL_NULL_CONVERSION = YES;
				CLANG_WARN_OBJC_IMPLICIT_RETAIN_SELF = YES;
				CLANG_WARN_OBJC_LITERAL_CONVERSION = YES;
				CLANG_WARN_OBJC_ROOT_CLASS = YES_ERROR;
				CLANG_WARN_RANGE_LOOP_ANALYSIS = YES;
				CLANG_WARN_STRICT_PROTOTYPES = YES;
				CLANG_WARN_SUSPICIOUS_MOVE = YES;
				CLANG_WARN_UNGUARDED_AVAILABILITY = YES_AGGRESSIVE;
				CLANG_WARN_UNREACHABLE_CODE = YES;
				CLANG_WARN__DUPLICATE_METHOD_MATCH = YES;
				CODE_SIGN_IDENTITY = "iPhone Developer";
				COPY_PHASE_STRIP = NO;
				DEBUG_INFORMATION_FORMAT = dwarf;
				ENABLE_STRICT_OBJC_MSGSEND = YES;
				ENABLE_TESTABILITY = YES;
				GCC_C_LANGUAGE_STANDARD = gnu11;
				GCC_DYNAMIC_NO_PIC = NO;
				GCC_NO_COMMON_BLOCKS = YES;
				GCC_OPTIMIZATION_LEVEL = 0;
				GCC_PREPROCESSOR_DEFINITIONS = (
					"DEBUG=1",
					"$(inherited)",
				);
				GCC_WARN_64_TO_32_BIT_CONVERSION = YES;
				GCC_WARN_ABOUT_RETURN_TYPE = YES_ERROR;
				GCC_WARN_UNDECLARED_SELECTOR = YES;
				GCC_WARN_UNINITIALIZED_AUTOS = YES_AGGRESSIVE;
				GCC_WARN_UNUSED_FUNCTION = YES;
				GCC_WARN_UNUSED_VARIABLE = YES;
				IPHONEOS_DEPLOYMENT_TARGET = 12.0;
				MTL_ENABLE_DEBUG_INFO = INCLUDE_SOURCE;
				MTL_FAST_MATH = YES;
				ONLY_ACTIVE_ARCH = YES;
				SDKROOT = iphoneos;
				SWIFT_ACTIVE_COMPILATION_CONDITIONS = DEBUG;
				SWIFT_OPTIMIZATION_LEVEL = "-Onone";
			};
			name = Debug;
		};
		4F3BFF60216E21FD004C8818 /* Release */ = {
			isa = XCBuildConfiguration;
			buildSettings = {
				ALWAYS_SEARCH_USER_PATHS = NO;
				CLANG_ANALYZER_NONNULL = YES;
				CLANG_ANALYZER_NUMBER_OBJECT_CONVERSION = YES_AGGRESSIVE;
				CLANG_CXX_LANGUAGE_STANDARD = "gnu++14";
				CLANG_CXX_LIBRARY = "libc++";
				CLANG_ENABLE_MODULES = YES;
				CLANG_ENABLE_OBJC_ARC = YES;
				CLANG_ENABLE_OBJC_WEAK = YES;
				CLANG_WARN_BLOCK_CAPTURE_AUTORELEASING = YES;
				CLANG_WARN_BOOL_CONVERSION = YES;
				CLANG_WARN_COMMA = YES;
				CLANG_WARN_CONSTANT_CONVERSION = YES;
				CLANG_WARN_DEPRECATED_OBJC_IMPLEMENTATIONS = YES;
				CLANG_WARN_DIRECT_OBJC_ISA_USAGE = YES_ERROR;
				CLANG_WARN_DOCUMENTATION_COMMENTS = YES;
				CLANG_WARN_EMPTY_BODY = YES;
				CLANG_WARN_ENUM_CONVERSION = YES;
				CLANG_WARN_INFINITE_RECURSION = YES;
				CLANG_WARN_INT_CONVERSION = YES;
				CLANG_WARN_NON_LITERAL_NULL_CONVERSION = YES;
				CLANG_WARN_OBJC_IMPLICIT_RETAIN_SELF = YES;
				CLANG_WARN_OBJC_LITERAL_CONVERSION = YES;
				CLANG_WARN_OBJC_ROOT_CLASS = YES_ERROR;
				CLANG_WARN_RANGE_LOOP_ANALYSIS = YES;
				CLANG_WARN_STRICT_PROTOTYPES = YES;
				CLANG_WARN_SUSPICIOUS_MOVE = YES;
				CLANG_WARN_UNGUARDED_AVAILABILITY = YES_AGGRESSIVE;
				CLANG_WARN_UNREACHABLE_CODE = YES;
				CLANG_WARN__DUPLICATE_METHOD_MATCH = YES;
				CODE_SIGN_IDENTITY = "iPhone Developer";
				COPY_PHASE_STRIP = NO;
				DEBUG_INFORMATION_FORMAT = "dwarf-with-dsym";
				ENABLE_NS_ASSERTIONS = NO;
				ENABLE_STRICT_OBJC_MSGSEND = YES;
				GCC_C_LANGUAGE_STANDARD = gnu11;
				GCC_NO_COMMON_BLOCKS = YES;
				GCC_WARN_64_TO_32_BIT_CONVERSION = YES;
				GCC_WARN_ABOUT_RETURN_TYPE = YES_ERROR;
				GCC_WARN_UNDECLARED_SELECTOR = YES;
				GCC_WARN_UNINITIALIZED_AUTOS = YES_AGGRESSIVE;
				GCC_WARN_UNUSED_FUNCTION = YES;
				GCC_WARN_UNUSED_VARIABLE = YES;
				IPHONEOS_DEPLOYMENT_TARGET = 12.0;
				MTL_ENABLE_DEBUG_INFO = NO;
				MTL_FAST_MATH = YES;
				SDKROOT = iphoneos;
				SWIFT_COMPILATION_MODE = wholemodule;
				SWIFT_OPTIMIZATION_LEVEL = "-O";
				VALIDATE_PRODUCT = YES;
			};
			name = Release;
		};
		4F3BFF62216E21FD004C8818 /* Debug */ = {
			isa = XCBuildConfiguration;
			buildSettings = {
				ASSETCATALOG_COMPILER_APPICON_NAME = AppIcon;
				CODE_SIGN_STYLE = Automatic;
				DEVELOPMENT_TEAM = 6GDWE93PAP;
				INFOPLIST_FILE = "Project-26-Marble-Maze/Info.plist";
				LD_RUNPATH_SEARCH_PATHS = (
					"$(inherited)",
					"@executable_path/Frameworks",
				);
				PRODUCT_BUNDLE_IDENTIFIER = "com.adprogress.Project-26-Marble-Maze";
				PRODUCT_NAME = "$(TARGET_NAME)";
				SWIFT_VERSION = 4.2;
				TARGETED_DEVICE_FAMILY = "1,2";
			};
			name = Debug;
		};
		4F3BFF63216E21FD004C8818 /* Release */ = {
			isa = XCBuildConfiguration;
			buildSettings = {
				ASSETCATALOG_COMPILER_APPICON_NAME = AppIcon;
				CODE_SIGN_STYLE = Automatic;
				DEVELOPMENT_TEAM = 6GDWE93PAP;
				INFOPLIST_FILE = "Project-26-Marble-Maze/Info.plist";
				LD_RUNPATH_SEARCH_PATHS = (
					"$(inherited)",
					"@executable_path/Frameworks",
				);
				PRODUCT_BUNDLE_IDENTIFIER = "com.adprogress.Project-26-Marble-Maze";
				PRODUCT_NAME = "$(TARGET_NAME)";
				SWIFT_VERSION = 4.2;
				TARGETED_DEVICE_FAMILY = "1,2";
			};
			name = Release;
		};
/* End XCBuildConfiguration section */

/* Begin XCConfigurationList section */
		4F3BFF44216E21FC004C8818 /* Build configuration list for PBXProject "Project-26-Marble-Maze" */ = {
			isa = XCConfigurationList;
			buildConfigurations = (
				4F3BFF5F216E21FD004C8818 /* Debug */,
				4F3BFF60216E21FD004C8818 /* Release */,
			);
			defaultConfigurationIsVisible = 0;
			defaultConfigurationName = Release;
		};
		4F3BFF61216E21FD004C8818 /* Build configuration list for PBXNativeTarget "Project-26-Marble-Maze" */ = {
			isa = XCConfigurationList;
			buildConfigurations = (
				4F3BFF62216E21FD004C8818 /* Debug */,
				4F3BFF63216E21FD004C8818 /* Release */,
			);
			defaultConfigurationIsVisible = 0;
			defaultConfigurationName = Release;
		};
/* End XCConfigurationList section */
	};
	rootObject = 4F3BFF41216E21FC004C8818 /* Project object */;
}
